<?xml version="1.0" encoding="UTF-8" standalone="yes" ?>
<CodeBlocks_project_file>
	<FileVersion major="1" minor="6" />
	<Project>
		<Option title="StickMan Rumble" />
		<Option pch_mode="2" />
		<Option compiler="gcc" />
		<Build>
			<Target title="Debug">
				<Option output="bin/Debug/StickMan Rumble" prefix_auto="1" extension_auto="1" />
				<Option object_output="obj/Debug/" />
				<Option type="1" />
				<Option compiler="gcc" />
				<Compiler>
					<Add option="-g" />
				</Compiler>
			</Target>
			<Target title="Release">
				<Option output="bin/Release/StickMan Rumble" prefix_auto="1" extension_auto="1" />
				<Option object_output="obj/Release/" />
				<Option type="1" />
				<Option compiler="gcc" />
				<Compiler>
					<Add option="-O2" />
				</Compiler>
				<Linker>
					<Add option="-s" />
				</Linker>
			</Target>
		</Build>
		<Compiler>
			<Add option="-Wall" />
		</Compiler>
		<Linker>
			<Add option="-lsfml-graphics-s" />
			<Add option="-lsfml-window-s" />
			<Add option="-lsfml-system-s" />
		</Linker>
		<Unit filename="Class.h">
			<Option target="&lt;{~None~}&gt;" />
		</Unit>
		<Unit filename="Game.cpp" />
		<Unit filename="Game.h">
			<Option target="&lt;{~None~}&gt;" />
		</Unit>
		<Unit filename="HUD.cpp" />
		<Unit filename="Headers.h" />
		<Unit filename="HighScore.cpp" />
		<Unit filename="Main.cpp" />
		<Unit filename="MainMenu.cpp" />
		<Unit filename="Player.cpp" />
		<Unit filename="Player.h">
			<Option target="&lt;{~None~}&gt;" />
		</Unit>
		<Unit filename="Sound.cpp" />
		<Unit filename="Splashscreen.cpp" />
		<Unit filename="VisibleGameObject.cpp" />
		<Unit filename="World.cpp" />
		<Unit filename="World.h">
			<Option target="&lt;{~None~}&gt;" />
		</Unit>
		<Extensions>
			<code_completion />
			<debugger />
			<envvars />
			<DoxyBlocks>
				<comment_style block="0" line="0" />
				<doxyfile_project />
				<doxyfile_build />
				<doxyfile_warnings />
				<doxyfile_output />
				<doxyfile_dot />
				<general />
			</DoxyBlocks>
		</Extensions>
	</Project>
</CodeBlocks_project_file>
